
Microsoft Visual Studio Solution File, Format Version 12.00
# Visual Studio Version 16
VisualStudioVersion = 16.0.31005.135
MinimumVisualStudioVersion = 10.0.40219.1
Project("{FAE04EC0-301F-11D3-BF4B-00C04F79EFBC}") = "Cole-Project1", "Cole-Project1\Cole-Project1.csproj", "{31BBBB4C-5AA7-4F5D-A37C-558E99F42231}"
EndProject
Global
	GlobalSection(SolutionConfigurationPlatforms) = preSolution
		Debug|Any CPU = Debug|Any CPU
		Release|Any CPU = Release|Any CPU
	EndGlobalSection
	GlobalSection(ProjectConfigurationPlatforms) = postSolution
		{31BBBB4C-5AA7-4F5D-A37C-558E99F42231}.Debug|Any CPU.ActiveCfg = Debug|Any CPU
		{31BBBB4C-5AA7-4F5D-A37C-558E99F42231}.Debug|Any CPU.Build.0 = Debug|Any CPU
		{31BBBB4C-5AA7-4F5D-A37C-558E99F42231}.Release|Any CPU.ActiveCfg = Release|Any CPU
		{31BBBB4C-5AA7-4F5D-A37C-558E99F42231}.Release|Any CPU.Build.0 = Release|Any CPU
	EndGlobalSection
	GlobalSection(SolutionProperties) = preSolution
		HideSolutionNode = FALSE
	EndGlobalSection
	GlobalSection(ExtensibilityGlobals) = postSolution
		SolutionGuid = {D9BBE099-A471-41C3-B07F-C0B6E0C9F420}
	EndGlobalSection
EndGlobal
